{
  "name": "serpapi-byline",
  "version": "1.0.0",
  "lockfileVersion": 3,
  "requires": true,
  "packages": {
    "": {
      "name": "serpapi-byline",
      "version": "1.0.0",
      "license": "MIT",
      "dependencies": {
        "papaparse": "^5.5.3"
      },
      "bin": {
        "byline": "src/cli.js"
      },
      "engines": {
        "node": ">=26.0.0"
      }
    },
    "node_modules/papaparse": {
      "version": "5.5.3",
      "resolved": "https://registry.npmjs.org/papaparse/-/papaparse-5.5.3.tgz",
      "integrity": "sha512-5QvjGxYVjxO59MGU2lHVYpRWBBtKHnlIAcSe1uNFCkkptUh63NFRj0FJQm7nR67puEruUci/ZkjmEFrjCAyP4A==",
      "license": "MIT"
    }
  }
}
